// !$*UTF8*$!
{
	archiveVersion = 1;
	classes = {
	};
	objectVersion = 46;
	objects = {

/* Begin PBXBuildFile section */
		33DE98BA3CEA5672BD602F4D /* libPods-travel.a in Frameworks */ = {isa = PBXBuildFile; fileRef = 43AEBA1223802CA68BD38302 /* libPods-travel.a */; };
		6309DC481D2B950900AC2DBD /* SuggestDetailVC.m in Sources */ = {isa = PBXBuildFile; fileRef = 6309DC471D2B950900AC2DBD /* SuggestDetailVC.m */; };
		631009A01D59B1390092A95C /* MineHeaderView.m in Sources */ = {isa = PBXBuildFile; fileRef = 6310099F1D59B1390092A95C /* MineHeaderView.m */; };
		631009A31D59C2D00092A95C /* MineSortCell.m in Sources */ = {isa = PBXBuildFile; fileRef = 631009A21D59C2D00092A95C /* MineSortCell.m */; };
		631009A61D59C48A0092A95C /* SortCollectionCell.m in Sources */ = {isa = PBXBuildFile; fileRef = 631009A51D59C48A0092A95C /* SortCollectionCell.m */; };
		6336C0CF1CF57DC700A93EA5 /* main.m in Sources */ = {isa = PBXBuildFile; fileRef = 6336C0CE1CF57DC700A93EA5 /* main.m */; };
		6336C0D21CF57DC700A93EA5 /* AppDelegate.m in Sources */ = {isa = PBXBuildFile; fileRef = 6336C0D11CF57DC700A93EA5 /* AppDelegate.m */; };
		6336C0D81CF57DC700A93EA5 /* Main.storyboard in Resources */ = {isa = PBXBuildFile; fileRef = 6336C0D61CF57DC700A93EA5 /* Main.storyboard */; };
		6336C0DD1CF57DC700A93EA5 /* LaunchScreen.storyboard in Resources */ = {isa = PBXBuildFile; fileRef = 6336C0DB1CF57DC700A93EA5 /* LaunchScreen.storyboard */; };
		6336C0E81CF57DC800A93EA5 /* travelUITests.m in Sources */ = {isa = PBXBuildFile; fileRef = 6336C0E71CF57DC800A93EA5 /* travelUITests.m */; };
		6336C1091CF57E8000A93EA5 /* KeychainItemWrapper.m in Sources */ = {isa = PBXBuildFile; fileRef = 6336C0F91CF57E8000A93EA5 /* KeychainItemWrapper.m */; settings = {COMPILER_FLAGS = "-fno-objc-arc"; }; };
		6336C10A1CF57E8000A93EA5 /* NSString+Identifier.m in Sources */ = {isa = PBXBuildFile; fileRef = 6336C0FB1CF57E8000A93EA5 /* NSString+Identifier.m */; };
		6336C10B1CF57E8000A93EA5 /* UIButton+Extension.m in Sources */ = {isa = PBXBuildFile; fileRef = 6336C0FD1CF57E8000A93EA5 /* UIButton+Extension.m */; };
		6336C10C1CF57E8000A93EA5 /* UIButton+Repeat.m in Sources */ = {isa = PBXBuildFile; fileRef = 6336C0FF1CF57E8000A93EA5 /* UIButton+Repeat.m */; };
		6336C10D1CF57E8000A93EA5 /* UIGestureRecognizer+block.m in Sources */ = {isa = PBXBuildFile; fileRef = 6336C1011CF57E8000A93EA5 /* UIGestureRecognizer+block.m */; };
		6336C10E1CF57E8000A93EA5 /* UIImage+Compress.m in Sources */ = {isa = PBXBuildFile; fileRef = 6336C1031CF57E8000A93EA5 /* UIImage+Compress.m */; };
		6336C10F1CF57E8000A93EA5 /* UILabel+Extension.m in Sources */ = {isa = PBXBuildFile; fileRef = 6336C1051CF57E8000A93EA5 /* UILabel+Extension.m */; };
		6336C1101CF57E8000A93EA5 /* NetWorkTools.m in Sources */ = {isa = PBXBuildFile; fileRef = 6336C1081CF57E8000A93EA5 /* NetWorkTools.m */; };
		6336C1141CF5816E00A93EA5 /* MainViewController.m in Sources */ = {isa = PBXBuildFile; fileRef = 6336C1131CF5816E00A93EA5 /* MainViewController.m */; };
		6336C1191CF584C500A93EA5 /* BaseViewController.m in Sources */ = {isa = PBXBuildFile; fileRef = 6336C1181CF584C500A93EA5 /* BaseViewController.m */; };
		6336C1211CF5853B00A93EA5 /* SuggestViewController.m in Sources */ = {isa = PBXBuildFile; fileRef = 6336C1201CF5853B00A93EA5 /* SuggestViewController.m */; };
		6336C12A1CF5856A00A93EA5 /* MineViewController.m in Sources */ = {isa = PBXBuildFile; fileRef = 6336C1291CF5856A00A93EA5 /* MineViewController.m */; };
		6336C12E1CF5983A00A93EA5 /* SuggestView.m in Sources */ = {isa = PBXBuildFile; fileRef = 6336C12D1CF5983A00A93EA5 /* SuggestView.m */; };
		634FE7331CF7ED8F00582079 /* CHPopUpMenu.m in Sources */ = {isa = PBXBuildFile; fileRef = 634FE7321CF7ED8F00582079 /* CHPopUpMenu.m */; };
		634FE73D1CF7ED9500582079 /* CHAnimation.m in Sources */ = {isa = PBXBuildFile; fileRef = 634FE7361CF7ED9500582079 /* CHAnimation.m */; };
		634FE73E1CF7ED9500582079 /* CHAnimationState.m in Sources */ = {isa = PBXBuildFile; fileRef = 634FE7381CF7ED9500582079 /* CHAnimationState.m */; };
		634FE73F1CF7ED9500582079 /* CHAnimator.m in Sources */ = {isa = PBXBuildFile; fileRef = 634FE73A1CF7ED9500582079 /* CHAnimator.m */; };
		634FE7461CF7EE2500582079 /* TravelsViewController.m in Sources */ = {isa = PBXBuildFile; fileRef = 634FE7451CF7EE2500582079 /* TravelsViewController.m */; };
		634FE7491CF7EE4700582079 /* TourismViewController.m in Sources */ = {isa = PBXBuildFile; fileRef = 634FE7481CF7EE4700582079 /* TourismViewController.m */; };
		634FE74B1CF7F7B600582079 /* Assets.xcassets in Resources */ = {isa = PBXBuildFile; fileRef = 634FE74A1CF7F7B600582079 /* Assets.xcassets */; };
		636C8F601CFC0F11002C9485 /* DetailTableViewCell.m in Sources */ = {isa = PBXBuildFile; fileRef = 636C8F5F1CFC0F11002C9485 /* DetailTableViewCell.m */; };
		63AEA44B1D5DA4BB001AF14B /* TravleMapVC.m in Sources */ = {isa = PBXBuildFile; fileRef = 63AEA44A1D5DA4BB001AF14B /* TravleMapVC.m */; };
		63B724BB1D795AB20076B1D2 /* TravelsTableViewCell.m in Sources */ = {isa = PBXBuildFile; fileRef = 63B724BA1D795AB20076B1D2 /* TravelsTableViewCell.m */; };
		63B724BE1D795AED0076B1D2 /* TranvelAnimaCell.m in Sources */ = {isa = PBXBuildFile; fileRef = 63B724BD1D795AED0076B1D2 /* TranvelAnimaCell.m */; };
		F9A4BD774AB67342629A4978 /* libPods-travelUITests.a in Frameworks */ = {isa = PBXBuildFile; fileRef = 78014A52D7042C91E0348F8D /* libPods-travelUITests.a */; };
/* End PBXBuildFile section */

/* Begin PBXContainerItemProxy section */
		6336C0E41CF57DC800A93EA5 /* PBXContainerItemProxy */ = {
			isa = PBXContainerItemProxy;
			containerPortal = 6336C0C21CF57DC700A93EA5 /* Project object */;
			proxyType = 1;
			remoteGlobalIDString = 6336C0C91CF57DC700A93EA5;
			remoteInfo = travel;
		};
/* End PBXContainerItemProxy section */

/* Begin PBXFileReference section */
		43AEBA1223802CA68BD38302 /* libPods-travel.a */ = {isa = PBXFileReference; explicitFileType = archive.ar; includeInIndex = 0; path = "libPods-travel.a"; sourceTree = BUILT_PRODUCTS_DIR; };
		4C0BB614EC6A87D507762DD9 /* Pods-travelUITests.release.xcconfig */ = {isa = PBXFileReference; includeInIndex = 1; lastKnownFileType = text.xcconfig; name = "Pods-travelUITests.release.xcconfig"; path = "Pods/Target Support Files/Pods-travelUITests/Pods-travelUITests.release.xcconfig"; sourceTree = "<group>"; };
		57BEDF3288883AAD977E2644 /* Pods-travel.debug.xcconfig */ = {isa = PBXFileReference; includeInIndex = 1; lastKnownFileType = text.xcconfig; name = "Pods-travel.debug.xcconfig"; path = "Pods/Target Support Files/Pods-travel/Pods-travel.debug.xcconfig"; sourceTree = "<group>"; };
		6309DC461D2B950900AC2DBD /* SuggestDetailVC.h */ = {isa = PBXFileReference; fileEncoding = 4; lastKnownFileType = sourcecode.c.h; path = SuggestDetailVC.h; sourceTree = "<group>"; };
		6309DC471D2B950900AC2DBD /* SuggestDetailVC.m */ = {isa = PBXFileReference; fileEncoding = 4; lastKnownFileType = sourcecode.c.objc; path = SuggestDetailVC.m; sourceTree = "<group>"; };
		6310099E1D59B1390092A95C /* MineHeaderView.h */ = {isa = PBXFileReference; fileEncoding = 4; lastKnownFileType = sourcecode.c.h; path = MineHeaderView.h; sourceTree = "<group>"; };
		6310099F1D59B1390092A95C /* MineHeaderView.m */ = {isa = PBXFileReference; fileEncoding = 4; lastKnownFileType = sourcecode.c.objc; path = MineHeaderView.m; sourceTree = "<group>"; };
		631009A11D59C2D00092A95C /* MineSortCell.h */ = {isa = PBXFileReference; fileEncoding = 4; lastKnownFileType = sourcecode.c.h; path = MineSortCell.h; sourceTree = "<group>"; };
		631009A21D59C2D00092A95C /* MineSortCell.m */ = {isa = PBXFileReference; fileEncoding = 4; lastKnownFileType = sourcecode.c.objc; path = MineSortCell.m; sourceTree = "<group>"; };
		631009A41D59C48A0092A95C /* SortCollectionCell.h */ = {isa = PBXFileReference; fileEncoding = 4; lastKnownFileType = sourcecode.c.h; path = SortCollectionCell.h; sourceTree = "<group>"; };
		631009A51D59C48A0092A95C /* SortCollectionCell.m */ = {isa = PBXFileReference; fileEncoding = 4; lastKnownFileType = sourcecode.c.objc; path = SortCollectionCell.m; sourceTree = "<group>"; };
		6336C0CA1CF57DC700A93EA5 /* travel.app */ = {isa = PBXFileReference; explicitFileType = wrapper.application; includeInIndex = 0; path = travel.app; sourceTree = BUILT_PRODUCTS_DIR; };
		6336C0CE1CF57DC700A93EA5 /* main.m */ = {isa = PBXFileReference; lastKnownFileType = sourcecode.c.objc; path = main.m; sourceTree = "<group>"; };
		6336C0D01CF57DC700A93EA5 /* AppDelegate.h */ = {isa = PBXFileReference; lastKnownFileType = sourcecode.c.h; path = AppDelegate.h; sourceTree = "<group>"; };
		6336C0D11CF57DC700A93EA5 /* AppDelegate.m */ = {isa = PBXFileReference; lastKnownFileType = sourcecode.c.objc; path = AppDelegate.m; sourceTree = "<group>"; };
		6336C0D71CF57DC700A93EA5 /* Base */ = {isa = PBXFileReference; lastKnownFileType = file.storyboard; name = Base; path = Base.lproj/Main.storyboard; sourceTree = "<group>"; };
		6336C0DC1CF57DC700A93EA5 /* Base */ = {isa = PBXFileReference; lastKnownFileType = file.storyboard; name = Base; path = Base.lproj/LaunchScreen.storyboard; sourceTree = "<group>"; };
		6336C0DE1CF57DC700A93EA5 /* Info.plist */ = {isa = PBXFileReference; lastKnownFileType = text.plist.xml; path = Info.plist; sourceTree = "<group>"; };
		6336C0E31CF57DC800A93EA5 /* travelUITests.xctest */ = {isa = PBXFileReference; explicitFileType = wrapper.cfbundle; includeInIndex = 0; path = travelUITests.xctest; sourceTree = BUILT_PRODUCTS_DIR; };
		6336C0E71CF57DC800A93EA5 /* travelUITests.m */ = {isa = PBXFileReference; lastKnownFileType = sourcecode.c.objc; path = travelUITests.m; sourceTree = "<group>"; };
		6336C0E91CF57DC800A93EA5 /* Info.plist */ = {isa = PBXFileReference; lastKnownFileType = text.plist.xml; path = Info.plist; sourceTree = "<group>"; };
		6336C0F71CF57E8000A93EA5 /* CateGoryHeader.h */ = {isa = PBXFileReference; fileEncoding = 4; lastKnownFileType = sourcecode.c.h; path = CateGoryHeader.h; sourceTree = "<group>"; };
		6336C0F81CF57E8000A93EA5 /* KeychainItemWrapper.h */ = {isa = PBXFileReference; fileEncoding = 4; lastKnownFileType = sourcecode.c.h; path = KeychainItemWrapper.h; sourceTree = "<group>"; };
		6336C0F91CF57E8000A93EA5 /* KeychainItemWrapper.m */ = {isa = PBXFileReference; fileEncoding = 4; lastKnownFileType = sourcecode.c.objc; path = KeychainItemWrapper.m; sourceTree = "<group>"; };
		6336C0FA1CF57E8000A93EA5 /* NSString+Identifier.h */ = {isa = PBXFileReference; fileEncoding = 4; lastKnownFileType = sourcecode.c.h; path = "NSString+Identifier.h"; sourceTree = "<group>"; };
		6336C0FB1CF57E8000A93EA5 /* NSString+Identifier.m */ = {isa = PBXFileReference; fileEncoding = 4; lastKnownFileType = sourcecode.c.objc; path = "NSString+Identifier.m"; sourceTree = "<group>"; };
		6336C0FC1CF57E8000A93EA5 /* UIButton+Extension.h */ = {isa = PBXFileReference; fileEncoding = 4; lastKnownFileType = sourcecode.c.h; path = "UIButton+Extension.h"; sourceTree = "<group>"; };
		6336C0FD1CF57E8000A93EA5 /* UIButton+Extension.m */ = {isa = PBXFileReference; fileEncoding = 4; lastKnownFileType = sourcecode.c.objc; path = "UIButton+Extension.m"; sourceTree = "<group>"; };
		6336C0FE1CF57E8000A93EA5 /* UIButton+Repeat.h */ = {isa = PBXFileReference; fileEncoding = 4; lastKnownFileType = sourcecode.c.h; path = "UIButton+Repeat.h"; sourceTree = "<group>"; };
		6336C0FF1CF57E8000A93EA5 /* UIButton+Repeat.m */ = {isa = PBXFileReference; fileEncoding = 4; lastKnownFileType = sourcecode.c.objc; path = "UIButton+Repeat.m"; sourceTree = "<group>"; };
		6336C1001CF57E8000A93EA5 /* UIGestureRecognizer+block.h */ = {isa = PBXFileReference; fileEncoding = 4; lastKnownFileType = sourcecode.c.h; path = "UIGestureRecognizer+block.h"; sourceTree = "<group>"; };
		6336C1011CF57E8000A93EA5 /* UIGestureRecognizer+block.m */ = {isa = PBXFileReference; fileEncoding = 4; lastKnownFileType = sourcecode.c.objc; path = "UIGestureRecognizer+block.m"; sourceTree = "<group>"; };
		6336C1021CF57E8000A93EA5 /* UIImage+Compress.h */ = {isa = PBXFileReference; fileEncoding = 4; lastKnownFileType = sourcecode.c.h; path = "UIImage+Compress.h"; sourceTree = "<group>"; };
		6336C1031CF57E8000A93EA5 /* UIImage+Compress.m */ = {isa = PBXFileReference; fileEncoding = 4; lastKnownFileType = sourcecode.c.objc; path = "UIImage+Compress.m"; sourceTree = "<group>"; };
		6336C1041CF57E8000A93EA5 /* UILabel+Extension.h */ = {isa = PBXFileReference; fileEncoding = 4; lastKnownFileType = sourcecode.c.h; path = "UILabel+Extension.h"; sourceTree = "<group>"; };
		6336C1051CF57E8000A93EA5 /* UILabel+Extension.m */ = {isa = PBXFileReference; fileEncoding = 4; lastKnownFileType = sourcecode.c.objc; path = "UILabel+Extension.m"; sourceTree = "<group>"; };
		6336C1071CF57E8000A93EA5 /* NetWorkTools.h */ = {isa = PBXFileReference; fileEncoding = 4; lastKnownFileType = sourcecode.c.h; path = NetWorkTools.h; sourceTree = "<group>"; };
		6336C1081CF57E8000A93EA5 /* NetWorkTools.m */ = {isa = PBXFileReference; fileEncoding = 4; lastKnownFileType = sourcecode.c.objc; path = NetWorkTools.m; sourceTree = "<group>"; };
		6336C1111CF5800E00A93EA5 /* HelpToolsPrefix.pch */ = {isa = PBXFileReference; lastKnownFileType = sourcecode.c.h; path = HelpToolsPrefix.pch; sourceTree = "<group>"; };
		6336C1121CF5816E00A93EA5 /* MainViewController.h */ = {isa = PBXFileReference; fileEncoding = 4; lastKnownFileType = sourcecode.c.h; path = MainViewController.h; sourceTree = "<group>"; };
		6336C1131CF5816E00A93EA5 /* MainViewController.m */ = {isa = PBXFileReference; fileEncoding = 4; lastKnownFileType = sourcecode.c.objc; path = MainViewController.m; sourceTree = "<group>"; };
		6336C1171CF584C500A93EA5 /* BaseViewController.h */ = {isa = PBXFileReference; fileEncoding = 4; lastKnownFileType = sourcecode.c.h; path = BaseViewController.h; sourceTree = "<group>"; };
		6336C1181CF584C500A93EA5 /* BaseViewController.m */ = {isa = PBXFileReference; fileEncoding = 4; lastKnownFileType = sourcecode.c.objc; path = BaseViewController.m; sourceTree = "<group>"; };
		6336C11F1CF5853B00A93EA5 /* SuggestViewController.h */ = {isa = PBXFileReference; fileEncoding = 4; lastKnownFileType = sourcecode.c.h; path = SuggestViewController.h; sourceTree = "<group>"; };
		6336C1201CF5853B00A93EA5 /* SuggestViewController.m */ = {isa = PBXFileReference; fileEncoding = 4; lastKnownFileType = sourcecode.c.objc; path = SuggestViewController.m; sourceTree = "<group>"; };
		6336C1281CF5856A00A93EA5 /* MineViewController.h */ = {isa = PBXFileReference; fileEncoding = 4; lastKnownFileType = sourcecode.c.h; path = MineViewController.h; sourceTree = "<group>"; };
		6336C1291CF5856A00A93EA5 /* MineViewController.m */ = {isa = PBXFileReference; fileEncoding = 4; lastKnownFileType = sourcecode.c.objc; path = MineViewController.m; sourceTree = "<group>"; };
		6336C12C1CF5983A00A93EA5 /* SuggestView.h */ = {isa = PBXFileReference; fileEncoding = 4; lastKnownFileType = sourcecode.c.h; path = SuggestView.h; sourceTree = "<group>"; };
		6336C12D1CF5983A00A93EA5 /* SuggestView.m */ = {isa = PBXFileReference; fileEncoding = 4; lastKnownFileType = sourcecode.c.objc; path = SuggestView.m; sourceTree = "<group>"; };
		634FE7311CF7ED8F00582079 /* CHPopUpMenu.h */ = {isa = PBXFileReference; fileEncoding = 4; lastKnownFileType = sourcecode.c.h; path = CHPopUpMenu.h; sourceTree = "<group>"; };
		634FE7321CF7ED8F00582079 /* CHPopUpMenu.m */ = {isa = PBXFileReference; fileEncoding = 4; lastKnownFileType = sourcecode.c.objc; path = CHPopUpMenu.m; sourceTree = "<group>"; };
		634FE7351CF7ED9500582079 /* CHAnimation.h */ = {isa = PBXFileReference; fileEncoding = 4; lastKnownFileType = sourcecode.c.h; path = CHAnimation.h; sourceTree = "<group>"; };
		634FE7361CF7ED9500582079 /* CHAnimation.m */ = {isa = PBXFileReference; fileEncoding = 4; lastKnownFileType = sourcecode.c.objc; path = CHAnimation.m; sourceTree = "<group>"; };
		634FE7371CF7ED9500582079 /* CHAnimationState.h */ = {isa = PBXFileReference; fileEncoding = 4; lastKnownFileType = sourcecode.c.h; path = CHAnimationState.h; sourceTree = "<group>"; };
		634FE7381CF7ED9500582079 /* CHAnimationState.m */ = {isa = PBXFileReference; fileEncoding = 4; lastKnownFileType = sourcecode.c.objc; path = CHAnimationState.m; sourceTree = "<group>"; };
		634FE7391CF7ED9500582079 /* CHAnimator.h */ = {isa = PBXFileReference; fileEncoding = 4; lastKnownFileType = sourcecode.c.h; path = CHAnimator.h; sourceTree = "<group>"; };
		634FE73A1CF7ED9500582079 /* CHAnimator.m */ = {isa = PBXFileReference; fileEncoding = 4; lastKnownFileType = sourcecode.c.objc; path = CHAnimator.m; sourceTree = "<group>"; };
		634FE7441CF7EE2500582079 /* TravelsViewController.h */ = {isa = PBXFileReference; fileEncoding = 4; lastKnownFileType = sourcecode.c.h; name = TravelsViewController.h; path = travel/Travels/TravelsViewController.h; sourceTree = SOURCE_ROOT; };
		634FE7451CF7EE2500582079 /* TravelsViewController.m */ = {isa = PBXFileReference; fileEncoding = 4; lastKnownFileType = sourcecode.c.objc; name = TravelsViewController.m; path = travel/Travels/TravelsViewController.m; sourceTree = SOURCE_ROOT; };
		634FE7471CF7EE4700582079 /* TourismViewController.h */ = {isa = PBXFileReference; fileEncoding = 4; lastKnownFileType = sourcecode.c.h; path = TourismViewController.h; sourceTree = "<group>"; };
		634FE7481CF7EE4700582079 /* TourismViewController.m */ = {isa = PBXFileReference; fileEncoding = 4; lastKnownFileType = sourcecode.c.objc; path = TourismViewController.m; sourceTree = "<group>"; };
		634FE74A1CF7F7B600582079 /* Assets.xcassets */ = {isa = PBXFileReference; lastKnownFileType = folder.assetcatalog; path = Assets.xcassets; sourceTree = "<group>"; };
		636C8F5E1CFC0F11002C9485 /* DetailTableViewCell.h */ = {isa = PBXFileReference; fileEncoding = 4; lastKnownFileType = sourcecode.c.h; path = DetailTableViewCell.h; sourceTree = "<group>"; };
		636C8F5F1CFC0F11002C9485 /* DetailTableViewCell.m */ = {isa = PBXFileReference; fileEncoding = 4; lastKnownFileType = sourcecode.c.objc; path = DetailTableViewCell.m; sourceTree = "<group>"; };
		63AEA4491D5DA4BB001AF14B /* TravleMapVC.h */ = {isa = PBXFileReference; fileEncoding = 4; lastKnownFileType = sourcecode.c.h; path = TravleMapVC.h; sourceTree = "<group>"; };
		63AEA44A1D5DA4BB001AF14B /* TravleMapVC.m */ = {isa = PBXFileReference; fileEncoding = 4; lastKnownFileType = sourcecode.c.objc; path = TravleMapVC.m; sourceTree = "<group>"; };
		63B724B91D795AB20076B1D2 /* TravelsTableViewCell.h */ = {isa = PBXFileReference; fileEncoding = 4; lastKnownFileType = sourcecode.c.h; path = TravelsTableViewCell.h; sourceTree = "<group>"; };
		63B724BA1D795AB20076B1D2 /* TravelsTableViewCell.m */ = {isa = PBXFileReference; fileEncoding = 4; lastKnownFileType = sourcecode.c.objc; path = TravelsTableViewCell.m; sourceTree = "<group>"; };
		63B724BC1D795AED0076B1D2 /* TranvelAnimaCell.h */ = {isa = PBXFileReference; fileEncoding = 4; lastKnownFileType = sourcecode.c.h; name = TranvelAnimaCell.h; path = travel/Travels/TranvelAnimaCell.h; sourceTree = SOURCE_ROOT; };
		63B724BD1D795AED0076B1D2 /* TranvelAnimaCell.m */ = {isa = PBXFileReference; fileEncoding = 4; lastKnownFileType = sourcecode.c.objc; name = TranvelAnimaCell.m; path = travel/Travels/TranvelAnimaCell.m; sourceTree = SOURCE_ROOT; };
		761558A4B48F8F23016216BF /* Pods-travelUITests.debug.xcconfig */ = {isa = PBXFileReference; includeInIndex = 1; lastKnownFileType = text.xcconfig; name = "Pods-travelUITests.debug.xcconfig"; path = "Pods/Target Support Files/Pods-travelUITests/Pods-travelUITests.debug.xcconfig"; sourceTree = "<group>"; };
		78014A52D7042C91E0348F8D /* libPods-travelUITests.a */ = {isa = PBXFileReference; explicitFileType = archive.ar; includeInIndex = 0; path = "libPods-travelUITests.a"; sourceTree = BUILT_PRODUCTS_DIR; };
		BA5EEE5D4D6C9ADCBE715D0F /* Pods-travel.release.xcconfig */ = {isa = PBXFileReference; includeInIndex = 1; lastKnownFileType = text.xcconfig; name = "Pods-travel.release.xcconfig"; path = "Pods/Target Support Files/Pods-travel/Pods-travel.release.xcconfig"; sourceTree = "<group>"; };
/* End PBXFileReference section */

/* Begin PBXFrameworksBuildPhase section */
		6336C0C71CF57DC700A93EA5 /* Frameworks */ = {
			isa = PBXFrameworksBuildPhase;
			buildActionMask = 2147483647;
			files = (
				33DE98BA3CEA5672BD602F4D /* libPods-travel.a in Frameworks */,
			);
			runOnlyForDeploymentPostprocessing = 0;
		};
		6336C0E01CF57DC800A93EA5 /* Frameworks */ = {
			isa = PBXFrameworksBuildPhase;
			buildActionMask = 2147483647;
			files = (
				F9A4BD774AB67342629A4978 /* libPods-travelUITests.a in Frameworks */,
			);
			runOnlyForDeploymentPostprocessing = 0;
		};
/* End PBXFrameworksBuildPhase section */

/* Begin PBXGroup section */
		6309DC451D2B94F400AC2DBD /* suggestDetail */ = {
			isa = PBXGroup;
			children = (
				6309DC461D2B950900AC2DBD /* SuggestDetailVC.h */,
				6309DC471D2B950900AC2DBD /* SuggestDetailVC.m */,
			);
			path = suggestDetail;
			sourceTree = "<group>";
		};
		6336C0C11CF57DC700A93EA5 = {
			isa = PBXGroup;
			children = (
				6336C0CC1CF57DC700A93EA5 /* travel */,
				6336C0E61CF57DC800A93EA5 /* travelUITests */,
				6336C0CB1CF57DC700A93EA5 /* Products */,
				F21685112D0DDBC43E70EE2E /* Pods */,
				C40FBC506275D86AFC2EADDC /* Frameworks */,
			);
			sourceTree = "<group>";
		};
		6336C0CB1CF57DC700A93EA5 /* Products */ = {
			isa = PBXGroup;
			children = (
				6336C0CA1CF57DC700A93EA5 /* travel.app */,
				6336C0E31CF57DC800A93EA5 /* travelUITests.xctest */,
			);
			name = Products;
			sourceTree = "<group>";
		};
		6336C0CC1CF57DC700A93EA5 /* travel */ = {
			isa = PBXGroup;
			children = (
				6336C0F51CF57E8000A93EA5 /* Tools */,
				6336C0F21CF57E6700A93EA5 /* Main */,
				6336C0F31CF57E6700A93EA5 /* Mine */,
				6336C11D1CF5852500A93EA5 /* Suggest */,
				6336C11E1CF5852500A93EA5 /* Tourism */,
				6336C0F41CF57E6700A93EA5 /* Travels */,
				6336C0D01CF57DC700A93EA5 /* AppDelegate.h */,
				6336C0D11CF57DC700A93EA5 /* AppDelegate.m */,
				6336C1111CF5800E00A93EA5 /* HelpToolsPrefix.pch */,
				6336C0D61CF57DC700A93EA5 /* Main.storyboard */,
				6336C0DB1CF57DC700A93EA5 /* LaunchScreen.storyboard */,
				6336C0DE1CF57DC700A93EA5 /* Info.plist */,
				634FE74A1CF7F7B600582079 /* Assets.xcassets */,
				6336C0CD1CF57DC700A93EA5 /* Supporting Files */,
			);
			path = travel;
			sourceTree = "<group>";
		};
		6336C0CD1CF57DC700A93EA5 /* Supporting Files */ = {
			isa = PBXGroup;
			children = (
				6336C0CE1CF57DC700A93EA5 /* main.m */,
			);
			name = "Supporting Files";
			sourceTree = "<group>";
		};
		6336C0E61CF57DC800A93EA5 /* travelUITests */ = {
			isa = PBXGroup;
			children = (
				6336C0E71CF57DC800A93EA5 /* travelUITests.m */,
				6336C0E91CF57DC800A93EA5 /* Info.plist */,
			);
			path = travelUITests;
			sourceTree = "<group>";
		};
		6336C0F21CF57E6700A93EA5 /* Main */ = {
			isa = PBXGroup;
			children = (
				6336C1121CF5816E00A93EA5 /* MainViewController.h */,
				6336C1131CF5816E00A93EA5 /* MainViewController.m */,
				6336C1171CF584C500A93EA5 /* BaseViewController.h */,
				6336C1181CF584C500A93EA5 /* BaseViewController.m */,
			);
			path = Main;
			sourceTree = "<group>";
		};
		6336C0F31CF57E6700A93EA5 /* Mine */ = {
			isa = PBXGroup;
			children = (
				63AEA4481D5DA49E001AF14B /* XTMapView */,
				636C8F5A1CFC084F002C9485 /* Views */,
				6336C1281CF5856A00A93EA5 /* MineViewController.h */,
				6336C1291CF5856A00A93EA5 /* MineViewController.m */,
			);
			path = Mine;
			sourceTree = "<group>";
		};
		6336C0F41CF57E6700A93EA5 /* Travels */ = {
			isa = PBXGroup;
			children = (
				634FE7441CF7EE2500582079 /* TravelsViewController.h */,
				634FE7451CF7EE2500582079 /* TravelsViewController.m */,
				639B67E71CF6F29200C20E16 /* Views */,
			);
			name = Travels;
			path = Travel;
			sourceTree = "<group>";
		};
		6336C0F51CF57E8000A93EA5 /* Tools */ = {
			isa = PBXGroup;
			children = (
				6336C0F61CF57E8000A93EA5 /* CategoryTools */,
				6336C1061CF57E8000A93EA5 /* NetWorkTools */,
			);
			path = Tools;
			sourceTree = "<group>";
		};
		6336C0F61CF57E8000A93EA5 /* CategoryTools */ = {
			isa = PBXGroup;
			children = (
				6336C0F71CF57E8000A93EA5 /* CateGoryHeader.h */,
				6336C0F81CF57E8000A93EA5 /* KeychainItemWrapper.h */,
				6336C0F91CF57E8000A93EA5 /* KeychainItemWrapper.m */,
				6336C0FA1CF57E8000A93EA5 /* NSString+Identifier.h */,
				6336C0FB1CF57E8000A93EA5 /* NSString+Identifier.m */,
				6336C0FC1CF57E8000A93EA5 /* UIButton+Extension.h */,
				6336C0FD1CF57E8000A93EA5 /* UIButton+Extension.m */,
				6336C0FE1CF57E8000A93EA5 /* UIButton+Repeat.h */,
				6336C0FF1CF57E8000A93EA5 /* UIButton+Repeat.m */,
				6336C1001CF57E8000A93EA5 /* UIGestureRecognizer+block.h */,
				6336C1011CF57E8000A93EA5 /* UIGestureRecognizer+block.m */,
				6336C1021CF57E8000A93EA5 /* UIImage+Compress.h */,
				6336C1031CF57E8000A93EA5 /* UIImage+Compress.m */,
				6336C1041CF57E8000A93EA5 /* UILabel+Extension.h */,
				6336C1051CF57E8000A93EA5 /* UILabel+Extension.m */,
			);
			path = CategoryTools;
			sourceTree = "<group>";
		};
		6336C1061CF57E8000A93EA5 /* NetWorkTools */ = {
			isa = PBXGroup;
			children = (
				6336C1071CF57E8000A93EA5 /* NetWorkTools.h */,
				6336C1081CF57E8000A93EA5 /* NetWorkTools.m */,
			);
			path = NetWorkTools;
			sourceTree = "<group>";
		};
		6336C11D1CF5852500A93EA5 /* Suggest */ = {
			isa = PBXGroup;
			children = (
				6309DC451D2B94F400AC2DBD /* suggestDetail */,
				6336C12B1CF5981200A93EA5 /* Views */,
				6336C11F1CF5853B00A93EA5 /* SuggestViewController.h */,
				6336C1201CF5853B00A93EA5 /* SuggestViewController.m */,
			);
			path = Suggest;
			sourceTree = "<group>";
		};
		6336C11E1CF5852500A93EA5 /* Tourism */ = {
			isa = PBXGroup;
			children = (
				634FE7161CF7DDFF00582079 /* Views */,
				634FE7471CF7EE4700582079 /* TourismViewController.h */,
				634FE7481CF7EE4700582079 /* TourismViewController.m */,
			);
			path = Tourism;
			sourceTree = "<group>";
		};
		6336C12B1CF5981200A93EA5 /* Views */ = {
			isa = PBXGroup;
			children = (
				63B724B91D795AB20076B1D2 /* TravelsTableViewCell.h */,
				63B724BA1D795AB20076B1D2 /* TravelsTableViewCell.m */,
				6336C12C1CF5983A00A93EA5 /* SuggestView.h */,
				6336C12D1CF5983A00A93EA5 /* SuggestView.m */,
			);
			path = Views;
			sourceTree = "<group>";
		};
		634FE7161CF7DDFF00582079 /* Views */ = {
			isa = PBXGroup;
			children = (
				634FE7341CF7ED9500582079 /* CHAnimation */,
				634FE7311CF7ED8F00582079 /* CHPopUpMenu.h */,
				634FE7321CF7ED8F00582079 /* CHPopUpMenu.m */,
			);
			name = Views;
			sourceTree = "<group>";
		};
		634FE7341CF7ED9500582079 /* CHAnimation */ = {
			isa = PBXGroup;
			children = (
				634FE7351CF7ED9500582079 /* CHAnimation.h */,
				634FE7361CF7ED9500582079 /* CHAnimation.m */,
				634FE7371CF7ED9500582079 /* CHAnimationState.h */,
				634FE7381CF7ED9500582079 /* CHAnimationState.m */,
				634FE7391CF7ED9500582079 /* CHAnimator.h */,
				634FE73A1CF7ED9500582079 /* CHAnimator.m */,
			);
			path = CHAnimation;
			sourceTree = "<group>";
		};
		636C8F5A1CFC084F002C9485 /* Views */ = {
			isa = PBXGroup;
			children = (
				636C8F5E1CFC0F11002C9485 /* DetailTableViewCell.h */,
				636C8F5F1CFC0F11002C9485 /* DetailTableViewCell.m */,
				6310099E1D59B1390092A95C /* MineHeaderView.h */,
				6310099F1D59B1390092A95C /* MineHeaderView.m */,
				631009A11D59C2D00092A95C /* MineSortCell.h */,
				631009A21D59C2D00092A95C /* MineSortCell.m */,
				631009A41D59C48A0092A95C /* SortCollectionCell.h */,
				631009A51D59C48A0092A95C /* SortCollectionCell.m */,
			);
			path = Views;
			sourceTree = "<group>";
		};
		639B67E71CF6F29200C20E16 /* Views */ = {
			isa = PBXGroup;
			children = (
				63B724BC1D795AED0076B1D2 /* TranvelAnimaCell.h */,
				63B724BD1D795AED0076B1D2 /* TranvelAnimaCell.m */,
			);
			name = Views;
			sourceTree = "<group>";
		};
		63AEA4481D5DA49E001AF14B /* XTMapView */ = {
			isa = PBXGroup;
			children = (
				63AEA4491D5DA4BB001AF14B /* TravleMapVC.h */,
				63AEA44A1D5DA4BB001AF14B /* TravleMapVC.m */,
			);
			path = XTMapView;
			sourceTree = "<group>";
		};
		C40FBC506275D86AFC2EADDC /* Frameworks */ = {
			isa = PBXGroup;
			children = (
				43AEBA1223802CA68BD38302 /* libPods-travel.a */,
				78014A52D7042C91E0348F8D /* libPods-travelUITests.a */,
			);
			name = Frameworks;
			sourceTree = "<group>";
		};
		F21685112D0DDBC43E70EE2E /* Pods */ = {
			isa = PBXGroup;
			children = (
				57BEDF3288883AAD977E2644 /* Pods-travel.debug.xcconfig */,
				BA5EEE5D4D6C9ADCBE715D0F /* Pods-travel.release.xcconfig */,
				761558A4B48F8F23016216BF /* Pods-travelUITests.debug.xcconfig */,
				4C0BB614EC6A87D507762DD9 /* Pods-travelUITests.release.xcconfig */,
			);
			name = Pods;
			sourceTree = "<group>";
		};
/* End PBXGroup section */

/* Begin PBXNativeTarget section */
		6336C0C91CF57DC700A93EA5 /* travel */ = {
			isa = PBXNativeTarget;
			buildConfigurationList = 6336C0EC1CF57DC800A93EA5 /* Build configuration list for PBXNativeTarget "travel" */;
			buildPhases = (
				821F764D4EFCCE21F612F4B2 /* 📦 Check Pods Manifest.lock */,
				6336C0C61CF57DC700A93EA5 /* Sources */,
				6336C0C71CF57DC700A93EA5 /* Frameworks */,
				6336C0C81CF57DC700A93EA5 /* Resources */,
				585C05284BDD80F6951F83DF /* 📦 Embed Pods Frameworks */,
				116822FC9AF7A29266D9F1F4 /* 📦 Copy Pods Resources */,
			);
			buildRules = (
			);
			dependencies = (
			);
			name = travel;
			productName = travel;
			productReference = 6336C0CA1CF57DC700A93EA5 /* travel.app */;
			productType = "com.apple.product-type.application";
		};
		6336C0E21CF57DC800A93EA5 /* travelUITests */ = {
			isa = PBXNativeTarget;
			buildConfigurationList = 6336C0EF1CF57DC800A93EA5 /* Build configuration list for PBXNativeTarget "travelUITests" */;
			buildPhases = (
				FC7852B4ABDEA9479EFCC579 /* 📦 Check Pods Manifest.lock */,
				6336C0DF1CF57DC800A93EA5 /* Sources */,
				6336C0E01CF57DC800A93EA5 /* Frameworks */,
				6336C0E11CF57DC800A93EA5 /* Resources */,
				3DD6D275D96C5C5D4DF9FE95 /* 📦 Copy Pods Resources */,
			);
			buildRules = (
			);
			dependencies = (
				6336C0E51CF57DC800A93EA5 /* PBXTargetDependency */,
			);
			name = travelUITests;
			productName = travelUITests;
			productReference = 6336C0E31CF57DC800A93EA5 /* travelUITests.xctest */;
			productType = "com.apple.product-type.bundle.ui-testing";
		};
/* End PBXNativeTarget section */

/* Begin PBXProject section */
		6336C0C21CF57DC700A93EA5 /* Project object */ = {
			isa = PBXProject;
			attributes = {
				LastUpgradeCheck = 0730;
				ORGANIZATIONNAME = "叶慧伟";
				TargetAttributes = {
					6336C0C91CF57DC700A93EA5 = {
						CreatedOnToolsVersion = 7.3.1;
					};
					6336C0E21CF57DC800A93EA5 = {
						CreatedOnToolsVersion = 7.3.1;
						TestTargetID = 6336C0C91CF57DC700A93EA5;
					};
				};
			};
			buildConfigurationList = 6336C0C51CF57DC700A93EA5 /* Build configuration list for PBXProject "travel" */;
			compatibilityVersion = "Xcode 3.2";
			developmentRegion = English;
			hasScannedForEncodings = 0;
			knownRegions = (
				en,
				Base,
			);
			mainGroup = 6336C0C11CF57DC700A93EA5;
			productRefGroup = 6336C0CB1CF57DC700A93EA5 /* Products */;
			projectDirPath = "";
			projectRoot = "";
			targets = (
				6336C0C91CF57DC700A93EA5 /* travel */,
				6336C0E21CF57DC800A93EA5 /* travelUITests */,
			);
		};
/* End PBXProject section */

/* Begin PBXResourcesBuildPhase section */
		6336C0C81CF57DC700A93EA5 /* Resources */ = {
			isa = PBXResourcesBuildPhase;
			buildActionMask = 2147483647;
			files = (
				6336C0DD1CF57DC700A93EA5 /* LaunchScreen.storyboard in Resources */,
				634FE74B1CF7F7B600582079 /* Assets.xcassets in Resources */,
				6336C0D81CF57DC700A93EA5 /* Main.storyboard in Resources */,
			);
			runOnlyForDeploymentPostprocessing = 0;
		};
		6336C0E11CF57DC800A93EA5 /* Resources */ = {
			isa = PBXResourcesBuildPhase;
			buildActionMask = 2147483647;
			files = (
			);
			runOnlyForDeploymentPostprocessing = 0;
		};
/* End PBXResourcesBuildPhase section */

/* Begin PBXShellScriptBuildPhase section */
		116822FC9AF7A29266D9F1F4 /* 📦 Copy Pods Resources */ = {
			isa = PBXShellScriptBuildPhase;
			buildActionMask = 2147483647;
			files = (
			);
			inputPaths = (
			);
			name = "📦 Copy Pods Resources";
			outputPaths = (
			);
			runOnlyForDeploymentPostprocessing = 0;
			shellPath = /bin/sh;
			shellScript = "\"${SRCROOT}/Pods/Target Support Files/Pods-travel/Pods-travel-resources.sh\"\n";
			showEnvVarsInLog = 0;
		};
		3DD6D275D96C5C5D4DF9FE95 /* 📦 Copy Pods Resources */ = {
			isa = PBXShellScriptBuildPhase;
			buildActionMask = 2147483647;
			files = (
			);
			inputPaths = (
			);
			name = "📦 Copy Pods Resources";
			outputPaths = (
			);
			runOnlyForDeploymentPostprocessing = 0;
			shellPath = /bin/sh;
			shellScript = "\"${SRCROOT}/Pods/Target Support Files/Pods-travelUITests/Pods-travelUITests-resources.sh\"\n";
			showEnvVarsInLog = 0;
		};
		585C05284BDD80F6951F83DF /* 📦 Embed Pods Frameworks */ = {
			isa = PBXShellScriptBuildPhase;
			buildActionMask = 2147483647;
			files = (
			);
			inputPaths = (
			);
			name = "📦 Embed Pods Frameworks";
			outputPaths = (
			);
			runOnlyForDeploymentPostprocessing = 0;
			shellPath = /bin/sh;
			shellScript = "\"${SRCROOT}/Pods/Target Support Files/Pods-travel/Pods-travel-frameworks.sh\"\n";
			showEnvVarsInLog = 0;
		};
		821F764D4EFCCE21F612F4B2 /* 📦 Check Pods Manifest.lock */ = {
			isa = PBXShellScriptBuildPhase;
			buildActionMask = 2147483647;
			files = (
			);
			inputPaths = (
			);
			name = "📦 Check Pods Manifest.lock";
			outputPaths = (
			);
			runOnlyForDeploymentPostprocessing = 0;
			shellPath = /bin/sh;
			shellScript = "diff \"${PODS_ROOT}/../Podfile.lock\" \"${PODS_ROOT}/Manifest.lock\" > /dev/null\nif [[ $? != 0 ]] ; then\n    cat << EOM\nerror: The sandbox is not in sync with the Podfile.lock. Run 'pod install' or update your CocoaPods installation.\nEOM\n    exit 1\nfi\n";
			showEnvVarsInLog = 0;
		};
		FC7852B4ABDEA9479EFCC579 /* 📦 Check Pods Manifest.lock */ = {
			isa = PBXShellScriptBuildPhase;
			buildActionMask = 2147483647;
			files = (
			);
			inputPaths = (
			);
			name = "📦 Check Pods Manifest.lock";
			outputPaths = (
			);
			runOnlyForDeploymentPostprocessing = 0;
			shellPath = /bin/sh;
			shellScript = "diff \"${PODS_ROOT}/../Podfile.lock\" \"${PODS_ROOT}/Manifest.lock\" > /dev/null\nif [[ $? != 0 ]] ; then\n    cat << EOM\nerror: The sandbox is not in sync with the Podfile.lock. Run 'pod install' or update your CocoaPods installation.\nEOM\n    exit 1\nfi\n";
			showEnvVarsInLog = 0;
		};
/* End PBXShellScriptBuildPhase section */

/* Begin PBXSourcesBuildPhase section */
		6336C0C61CF57DC700A93EA5 /* Sources */ = {
			isa = PBXSourcesBuildPhase;
			buildActionMask = 2147483647;
			files = (
				6336C10A1CF57E8000A93EA5 /* NSString+Identifier.m in Sources */,
				6336C1101CF57E8000A93EA5 /* NetWorkTools.m in Sources */,
				63AEA44B1D5DA4BB001AF14B /* TravleMapVC.m in Sources */,
				631009A61D59C48A0092A95C /* SortCollectionCell.m in Sources */,
				6336C10D1CF57E8000A93EA5 /* UIGestureRecognizer+block.m in Sources */,
				6336C10B1CF57E8000A93EA5 /* UIButton+Extension.m in Sources */,
				631009A01D59B1390092A95C /* MineHeaderView.m in Sources */,
				63B724BE1D795AED0076B1D2 /* TranvelAnimaCell.m in Sources */,
				6336C1091CF57E8000A93EA5 /* KeychainItemWrapper.m in Sources */,
				636C8F601CFC0F11002C9485 /* DetailTableViewCell.m in Sources */,
				6336C10E1CF57E8000A93EA5 /* UIImage+Compress.m in Sources */,
				634FE73F1CF7ED9500582079 /* CHAnimator.m in Sources */,
				631009A31D59C2D00092A95C /* MineSortCell.m in Sources */,
				6336C10C1CF57E8000A93EA5 /* UIButton+Repeat.m in Sources */,
				6336C1211CF5853B00A93EA5 /* SuggestViewController.m in Sources */,
				6336C1141CF5816E00A93EA5 /* MainViewController.m in Sources */,
				6336C12A1CF5856A00A93EA5 /* MineViewController.m in Sources */,
				634FE7331CF7ED8F00582079 /* CHPopUpMenu.m in Sources */,
				6336C1191CF584C500A93EA5 /* BaseViewController.m in Sources */,
				634FE7461CF7EE2500582079 /* TravelsViewController.m in Sources */,
				63B724BB1D795AB20076B1D2 /* TravelsTableViewCell.m in Sources */,
				6336C0D21CF57DC700A93EA5 /* AppDelegate.m in Sources */,
				6309DC481D2B950900AC2DBD /* SuggestDetailVC.m in Sources */,
				634FE7491CF7EE4700582079 /* TourismViewController.m in Sources */,
				6336C10F1CF57E8000A93EA5 /* UILabel+Extension.m in Sources */,
				6336C0CF1CF57DC700A93EA5 /* main.m in Sources */,
				634FE73E1CF7ED9500582079 /* CHAnimationState.m in Sources */,
				6336C12E1CF5983A00A93EA5 /* SuggestView.m in Sources */,
				634FE73D1CF7ED9500582079 /* CHAnimation.m in Sources */,
			);
			runOnlyForDeploymentPostprocessing = 0;
		};
		6336C0DF1CF57DC800A93EA5 /* Sources */ = {
			isa = PBXSourcesBuildPhase;
			buildActionMask = 2147483647;
			files = (
				6336C0E81CF57DC800A93EA5 /* travelUITests.m in Sources */,
			);
			runOnlyForDeploymentPostprocessing = 0;
		};
/* End PBXSourcesBuildPhase section */

/* Begin PBXTargetDependency section */
		6336C0E51CF57DC800A93EA5 /* PBXTargetDependency */ = {
			isa = PBXTargetDependency;
			target = 6336C0C91CF57DC700A93EA5 /* travel */;
			targetProxy = 6336C0E41CF57DC800A93EA5 /* PBXContainerItemProxy */;
		};
/* End PBXTargetDependency section */

/* Begin PBXVariantGroup section */
		6336C0D61CF57DC700A93EA5 /* Main.storyboard */ = {
			isa = PBXVariantGroup;
			children = (
				6336C0D71CF57DC700A93EA5 /* Base */,
			);
			name = Main.storyboard;
			sourceTree = "<group>";
		};
		6336C0DB1CF57DC700A93EA5 /* LaunchScreen.storyboard */ = {
			isa = PBXVariantGroup;
			children = (
				6336C0DC1CF57DC700A93EA5 /* Base */,
			);
			name = LaunchScreen.storyboard;
			sourceTree = "<group>";
		};
/* End PBXVariantGroup section */

/* Begin XCBuildConfiguration section */
		6336C0EA1CF57DC800A93EA5 /* Debug */ = {
			isa = XCBuildConfiguration;
			buildSettings = {
				ALWAYS_SEARCH_USER_PATHS = NO;
				CLANG_ANALYZER_NONNULL = YES;
				CLANG_CXX_LANGUAGE_STANDARD = "gnu++0x";
				CLANG_CXX_LIBRARY = "libc++";
				CLANG_ENABLE_MODULES = YES;
				CLANG_ENABLE_OBJC_ARC = YES;
				CLANG_WARN_BOOL_CONVERSION = YES;
				CLANG_WARN_CONSTANT_CONVERSION = YES;
				CLANG_WARN_DIRECT_OBJC_ISA_USAGE = YES_ERROR;
				CLANG_WARN_EMPTY_BODY = YES;
				CLANG_WARN_ENUM_CONVERSION = YES;
				CLANG_WARN_INT_CONVERSION = YES;
				CLANG_WARN_OBJC_ROOT_CLASS = YES_ERROR;
				CLANG_WARN_UNREACHABLE_CODE = YES;
				CLANG_WARN__DUPLICATE_METHOD_MATCH = YES;
				"CODE_SIGN_IDENTITY[sdk=iphoneos*]" = "iPhone Developer";
				COPY_PHASE_STRIP = NO;
				DEBUG_INFORMATION_FORMAT = dwarf;
				ENABLE_STRICT_OBJC_MSGSEND = YES;
				ENABLE_TESTABILITY = YES;
				GCC_C_LANGUAGE_STANDARD = gnu99;
				GCC_DYNAMIC_NO_PIC = NO;
				GCC_NO_COMMON_BLOCKS = YES;
				GCC_OPTIMIZATION_LEVEL = 0;
				GCC_PREPROCESSOR_DEFINITIONS = (
					"DEBUG=1",
					"$(inherited)",
				);
				GCC_WARN_64_TO_32_BIT_CONVERSION = YES;
				GCC_WARN_ABOUT_RETURN_TYPE = YES_ERROR;
				GCC_WARN_UNDECLARED_SELECTOR = YES;
				GCC_WARN_UNINITIALIZED_AUTOS = YES_AGGRESSIVE;
				GCC_WARN_UNUSED_FUNCTION = YES;
				GCC_WARN_UNUSED_VARIABLE = YES;
				IPHONEOS_DEPLOYMENT_TARGET = 9.3;
				MTL_ENABLE_DEBUG_INFO = YES;
				ONLY_ACTIVE_ARCH = YES;
				SDKROOT = iphoneos;
				TARGETED_DEVICE_FAMILY = "1,2";
			};
			name = Debug;
		};
		6336C0EB1CF57DC800A93EA5 /* Release */ = {
			isa = XCBuildConfiguration;
			buildSettings = {
				ALWAYS_SEARCH_USER_PATHS = NO;
				CLANG_ANALYZER_NONNULL = YES;
				CLANG_CXX_LANGUAGE_STANDARD = "gnu++0x";
				CLANG_CXX_LIBRARY = "libc++";
				CLANG_ENABLE_MODULES = YES;
				CLANG_ENABLE_OBJC_ARC = YES;
				CLANG_WARN_BOOL_CONVERSION = YES;
				CLANG_WARN_CONSTANT_CONVERSION = YES;
				CLANG_WARN_DIRECT_OBJC_ISA_USAGE = YES_ERROR;
				CLANG_WARN_EMPTY_BODY = YES;
				CLANG_WARN_ENUM_CONVERSION = YES;
				CLANG_WARN_INT_CONVERSION = YES;
				CLANG_WARN_OBJC_ROOT_CLASS = YES_ERROR;
				CLANG_WARN_UNREACHABLE_CODE = YES;
				CLANG_WARN__DUPLICATE_METHOD_MATCH = YES;
				"CODE_SIGN_IDENTITY[sdk=iphoneos*]" = "iPhone Developer";
				COPY_PHASE_STRIP = NO;
				DEBUG_INFORMATION_FORMAT = "dwarf-with-dsym";
				ENABLE_NS_ASSERTIONS = NO;
				ENABLE_STRICT_OBJC_MSGSEND = YES;
				GCC_C_LANGUAGE_STANDARD = gnu99;
				GCC_NO_COMMON_BLOCKS = YES;
				GCC_WARN_64_TO_32_BIT_CONVERSION = YES;
				GCC_WARN_ABOUT_RETURN_TYPE = YES_ERROR;
				GCC_WARN_UNDECLARED_SELECTOR = YES;
				GCC_WARN_UNINITIALIZED_AUTOS = YES_AGGRESSIVE;
				GCC_WARN_UNUSED_FUNCTION = YES;
				GCC_WARN_UNUSED_VARIABLE = YES;
				IPHONEOS_DEPLOYMENT_TARGET = 9.3;
				MTL_ENABLE_DEBUG_INFO = NO;
				SDKROOT = iphoneos;
				TARGETED_DEVICE_FAMILY = "1,2";
				VALIDATE_PRODUCT = YES;
			};
			name = Release;
		};
		6336C0ED1CF57DC800A93EA5 /* Debug */ = {
			isa = XCBuildConfiguration;
			baseConfigurationReference = 57BEDF3288883AAD977E2644 /* Pods-travel.debug.xcconfig */;
			buildSettings = {
				ASSETCATALOG_COMPILER_APPICON_NAME = AppIcon;
				GCC_PREFIX_HEADER = "$(SRCROOT)/travel/HelpToolsPrefix.pch";
				INFOPLIST_FILE = travel/Info.plist;
				LD_RUNPATH_SEARCH_PATHS = "$(inherited) @executable_path/Frameworks";
				PRODUCT_BUNDLE_IDENTIFIER = "--yefucker.travel";
				PRODUCT_NAME = "$(TARGET_NAME)";
			};
			name = Debug;
		};
		6336C0EE1CF57DC800A93EA5 /* Release */ = {
			isa = XCBuildConfiguration;
			baseConfigurationReference = BA5EEE5D4D6C9ADCBE715D0F /* Pods-travel.release.xcconfig */;
			buildSettings = {
				ASSETCATALOG_COMPILER_APPICON_NAME = AppIcon;
				GCC_PREFIX_HEADER = "$(SRCROOT)/travel/HelpToolsPrefix.pch";
				INFOPLIST_FILE = travel/Info.plist;
				LD_RUNPATH_SEARCH_PATHS = "$(inherited) @executable_path/Frameworks";
				PRODUCT_BUNDLE_IDENTIFIER = "--yefucker.travel";
				PRODUCT_NAME = "$(TARGET_NAME)";
			};
			name = Release;
		};
		6336C0F01CF57DC800A93EA5 /* Debug */ = {
			isa = XCBuildConfiguration;
			baseConfigurationReference = 761558A4B48F8F23016216BF /* Pods-travelUITests.debug.xcconfig */;
			buildSettings = {
				INFOPLIST_FILE = travelUITests/Info.plist;
				LD_RUNPATH_SEARCH_PATHS = "$(inherited) @executable_path/Frameworks @loader_path/Frameworks";
				PRODUCT_BUNDLE_IDENTIFIER = "--yefucker.travelUITests";
				PRODUCT_NAME = "$(TARGET_NAME)";
				TEST_TARGET_NAME = travel;
			};
			name = Debug;
		};
		6336C0F11CF57DC800A93EA5 /* Release */ = {
			isa = XCBuildConfiguration;
			baseConfigurationReference = 4C0BB614EC6A87D507762DD9 /* Pods-travelUITests.release.xcconfig */;
			buildSettings = {
				INFOPLIST_FILE = travelUITests/Info.plist;
				LD_RUNPATH_SEARCH_PATHS = "$(inherited) @executable_path/Frameworks @loader_path/Frameworks";
				PRODUCT_BUNDLE_IDENTIFIER = "--yefucker.travelUITests";
				PRODUCT_NAME = "$(TARGET_NAME)";
				TEST_TARGET_NAME = travel;
			};
			name = Release;
		};
/* End XCBuildConfiguration section */

/* Begin XCConfigurationList section */
		6336C0C51CF57DC700A93EA5 /* Build configuration list for PBXProject "travel" */ = {
			isa = XCConfigurationList;
			buildConfigurations = (
				6336C0EA1CF57DC800A93EA5 /* Debug */,
				6336C0EB1CF57DC800A93EA5 /* Release */,
			);
			defaultConfigurationIsVisible = 0;
			defaultConfigurationName = Release;
		};
		6336C0EC1CF57DC800A93EA5 /* Build configuration list for PBXNativeTarget "travel" */ = {
			isa = XCConfigurationList;
			buildConfigurations = (
				6336C0ED1CF57DC800A93EA5 /* Debug */,
				6336C0EE1CF57DC800A93EA5 /* Release */,
			);
			defaultConfigurationIsVisible = 0;
			defaultConfigurationName = Release;
		};
		6336C0EF1CF57DC800A93EA5 /* Build configuration list for PBXNativeTarget "travelUITests" */ = {
			isa = XCConfigurationList;
			buildConfigurations = (
				6336C0F01CF57DC800A93EA5 /* Debug */,
				6336C0F11CF57DC800A93EA5 /* Release */,
			);
			defaultConfigurationIsVisible = 0;
			defaultConfigurationName = Release;
		};
/* End XCConfigurationList section */
	};
	rootObject = 6336C0C21CF57DC700A93EA5 /* Project object */;
}
